
Microsoft Visual Studio Solution File, Format Version 12.00
# Visual Studio 15
VisualStudioVersion = 15.0.37611.6
MinimumVisualStudioVersion = 10.0.40219.1
Project("{FAE04EC0-301F-11D3-BF4B-00C04F79EFBC}") = "AspNet_AprenderASP", "AspNet_AprenderASP\AspNet_AprenderASP.csproj", "{A9142C25-F321-4DCA-8544-48C5A5E8DBB6}"
EndProject
Project("{FAE04EC0-301F-11D3-BF4B-00C04F79EFBC}") = "AspNet_ExtNet_Laboratorio", "AspNet_ExtNet_Laboratorio\AspNet_ExtNet_Laboratorio.csproj", "{4EC7AAFA-5532-4696-A4C1-4485CBE2AF70}"
EndProject
Global
	GlobalSection(SolutionConfigurationPlatforms) = preSolution
		Debug|Any CPU = Debug|Any CPU
		Release|Any CPU = Release|Any CPU
	EndGlobalSection
	GlobalSection(ProjectConfigurationPlatforms) = postSolution
		{A9142C25-F321-4DCA-8544-48C5A5E8DBB6}.Debug|Any CPU.ActiveCfg = Debug|Any CPU
		{A9142C25-F321-4DCA-8544-48C5A5E8DBB6}.Debug|Any CPU.Build.0 = Debug|Any CPU
		{A9142C25-F321-4DCA-8544-48C5A5E8DBB6}.Release|Any CPU.ActiveCfg = Release|Any CPU
		{A9142C25-F321-4DCA-8544-48C5A5E8DBB6}.Release|Any CPU.Build.0 = Release|Any CPU
		{4EC7AAFA-5532-4696-A4C1-4485CBE2AF70}.Debug|Any CPU.ActiveCfg = Debug|Any CPU
		{4EC7AAFA-5532-4696-A4C1-4485CBE2AF70}.Debug|Any CPU.Build.0 = Debug|Any CPU
		{4EC7AAFA-5532-4696-A4C1-4485CBE2AF70}.Release|Any CPU.ActiveCfg = Release|Any CPU
		{4EC7AAFA-5532-4696-A4C1-4485CBE2AF70}.Release|Any CPU.Build.0 = Release|Any CPU
	EndGlobalSection
	GlobalSection(SolutionProperties) = preSolution
		HideSolutionNode = FALSE
	EndGlobalSection
	GlobalSection(ExtensibilityGlobals) = postSolution
		SolutionGuid = {060D3AB5-F51D-4E1F-BB25-1864B61801B4}
	EndGlobalSection
EndGlobal
